
Microsoft Visual Studio Solution File, Format Version 12.00
# Visual Studio Version 16
VisualStudioVersion = 16.0.30114.105
MinimumVisualStudioVersion = 10.0.40219.1
Project("{FAE04EC0-301F-11D3-BF4B-00C04F79EFBC}") = "kafka-net", "kafka-net.csproj", "{055F085E-FBFC-43AF-ACF2-0625210D78B0}"
EndProject
Global
	GlobalSection(SolutionConfigurationPlatforms) = preSolution
		Debug|Any CPU = Debug|Any CPU
		Release|Any CPU = Release|Any CPU
	EndGlobalSection
	GlobalSection(SolutionProperties) = preSolution
		HideSolutionNode = FALSE
	EndGlobalSection
	GlobalSection(ProjectConfigurationPlatforms) = postSolution
		{055F085E-FBFC-43AF-ACF2-0625210D78B0}.Debug|Any CPU.ActiveCfg = Debug|Any CPU
		{055F085E-FBFC-43AF-ACF2-0625210D78B0}.Debug|Any CPU.Build.0 = Debug|Any CPU
		{055F085E-FBFC-43AF-ACF2-0625210D78B0}.Release|Any CPU.ActiveCfg = Release|Any CPU
		{055F085E-FBFC-43AF-ACF2-0625210D78B0}.Release|Any CPU.Build.0 = Release|Any CPU
	EndGlobalSection
EndGlobal
